
Microsoft Visual Studio Solution File, Format Version 12.00
# Visual Studio Version 17
VisualStudioVersion = 17.10.34916.146
MinimumVisualStudioVersion = 10.0.40219.1
Project("{FAE04EC0-301F-11D3-BF4B-00C04F79EFBC}") = "rabbitmq基本消费模型生产者", "rabbitmq基本消费模型生产者\rabbitmq基本消费模型生产者.csproj", "{C8D766DA-39CE-4D67-91AE-0496043F7589}"
EndProject
Project("{FAE04EC0-301F-11D3-BF4B-00C04F79EFBC}") = "rabbimq基本消费模型消费者", "rabbimq基本消费模型消费者\rabbimq基本消费模型消费者.csproj", "{E9F81755-E2E9-4E02-8050-7E92C10C3627}"
EndProject
Global
	GlobalSection(SolutionConfigurationPlatforms) = preSolution
		Debug|Any CPU = Debug|Any CPU
		Release|Any CPU = Release|Any CPU
	EndGlobalSection
	GlobalSection(ProjectConfigurationPlatforms) = postSolution
		{C8D766DA-39CE-4D67-91AE-0496043F7589}.Debug|Any CPU.ActiveCfg = Debug|Any CPU
		{C8D766DA-39CE-4D67-91AE-0496043F7589}.Debug|Any CPU.Build.0 = Debug|Any CPU
		{C8D766DA-39CE-4D67-91AE-0496043F7589}.Release|Any CPU.ActiveCfg = Release|Any CPU
		{C8D766DA-39CE-4D67-91AE-0496043F7589}.Release|Any CPU.Build.0 = Release|Any CPU
		{E9F81755-E2E9-4E02-8050-7E92C10C3627}.Debug|Any CPU.ActiveCfg = Debug|Any CPU
		{E9F81755-E2E9-4E02-8050-7E92C10C3627}.Debug|Any CPU.Build.0 = Debug|Any CPU
		{E9F81755-E2E9-4E02-8050-7E92C10C3627}.Release|Any CPU.ActiveCfg = Release|Any CPU
		{E9F81755-E2E9-4E02-8050-7E92C10C3627}.Release|Any CPU.Build.0 = Release|Any CPU
	EndGlobalSection
	GlobalSection(SolutionProperties) = preSolution
		HideSolutionNode = FALSE
	EndGlobalSection
	GlobalSection(ExtensibilityGlobals) = postSolution
		SolutionGuid = {7286B28C-D857-4F37-A68D-230B25FEA13A}
	EndGlobalSection
EndGlobal
